
Microsoft Visual Studio Solution File, Format Version 12.00
# Visual Studio Version 16
VisualStudioVersion = 16.0.31205.134
MinimumVisualStudioVersion = 10.0.40219.1
Project("{FAE04EC0-301F-11D3-BF4B-00C04F79EFBC}") = "Trim", "Trim\Trim.csproj", "{91E27574-2156-473C-B670-2928C379B8DA}"
EndProject
Global
	GlobalSection(SolutionConfigurationPlatforms) = preSolution
		Debug|Any CPU = Debug|Any CPU
		Release|Any CPU = Release|Any CPU
	EndGlobalSection
	GlobalSection(ProjectConfigurationPlatforms) = postSolution
		{91E27574-2156-473C-B670-2928C379B8DA}.Debug|Any CPU.ActiveCfg = Debug|Any CPU
		{91E27574-2156-473C-B670-2928C379B8DA}.Debug|Any CPU.Build.0 = Debug|Any CPU
		{91E27574-2156-473C-B670-2928C379B8DA}.Release|Any CPU.ActiveCfg = Release|Any CPU
		{91E27574-2156-473C-B670-2928C379B8DA}.Release|Any CPU.Build.0 = Release|Any CPU
	EndGlobalSection
	GlobalSection(SolutionProperties) = preSolution
		HideSolutionNode = FALSE
	EndGlobalSection
	GlobalSection(ExtensibilityGlobals) = postSolution
		SolutionGuid = {F6111770-ECB4-44F7-B94B-BBB5D21EAF06}
	EndGlobalSection
EndGlobal
